
Microsoft Visual Studio Solution File, Format Version 12.00
# Visual Studio Version 16
VisualStudioVersion = 16.0.29306.81
MinimumVisualStudioVersion = 10.0.40219.1
Project("{FAE04EC0-301F-11D3-BF4B-00C04F79EFBC}") = "CarreraAnimales", "CarreraAnimales\CarreraAnimales.csproj", "{0A7DFA62-7149-45F1-8D90-C4D0F75BB756}"
EndProject
Global
	GlobalSection(SolutionConfigurationPlatforms) = preSolution
		Debug|Any CPU = Debug|Any CPU
		Release|Any CPU = Release|Any CPU
	EndGlobalSection
	GlobalSection(ProjectConfigurationPlatforms) = postSolution
		{0A7DFA62-7149-45F1-8D90-C4D0F75BB756}.Debug|Any CPU.ActiveCfg = Debug|Any CPU
		{0A7DFA62-7149-45F1-8D90-C4D0F75BB756}.Debug|Any CPU.Build.0 = Debug|Any CPU
		{0A7DFA62-7149-45F1-8D90-C4D0F75BB756}.Release|Any CPU.ActiveCfg = Release|Any CPU
		{0A7DFA62-7149-45F1-8D90-C4D0F75BB756}.Release|Any CPU.Build.0 = Release|Any CPU
	EndGlobalSection
	GlobalSection(SolutionProperties) = preSolution
		HideSolutionNode = FALSE
	EndGlobalSection
	GlobalSection(ExtensibilityGlobals) = postSolution
		SolutionGuid = {D16C88AB-E48A-44FD-99E3-8CD8F2129732}
	EndGlobalSection
EndGlobal
