
Microsoft Visual Studio Solution File, Format Version 12.00
# Visual Studio Version 16
VisualStudioVersion = 16.0.29306.81
MinimumVisualStudioVersion = 10.0.40219.1
Project("{FAE04EC0-301F-11D3-BF4B-00C04F79EFBC}") = "SokobanConsola", "SokobanConsola\SokobanConsola.csproj", "{65E2FAFE-0404-410A-969E-CB029364A1AC}"
EndProject
Global
	GlobalSection(SolutionConfigurationPlatforms) = preSolution
		Debug|Any CPU = Debug|Any CPU
		Release|Any CPU = Release|Any CPU
	EndGlobalSection
	GlobalSection(ProjectConfigurationPlatforms) = postSolution
		{65E2FAFE-0404-410A-969E-CB029364A1AC}.Debug|Any CPU.ActiveCfg = Debug|Any CPU
		{65E2FAFE-0404-410A-969E-CB029364A1AC}.Debug|Any CPU.Build.0 = Debug|Any CPU
		{65E2FAFE-0404-410A-969E-CB029364A1AC}.Release|Any CPU.ActiveCfg = Release|Any CPU
		{65E2FAFE-0404-410A-969E-CB029364A1AC}.Release|Any CPU.Build.0 = Release|Any CPU
	EndGlobalSection
	GlobalSection(SolutionProperties) = preSolution
		HideSolutionNode = FALSE
	EndGlobalSection
	GlobalSection(ExtensibilityGlobals) = postSolution
		SolutionGuid = {C340B1DF-DA05-4D33-8B5A-B9ED1AD52E12}
	EndGlobalSection
EndGlobal
