
Microsoft Visual Studio Solution File, Format Version 12.00
# Visual Studio Version 16
VisualStudioVersion = 16.0.29306.81
MinimumVisualStudioVersion = 10.0.40219.1
Project("{FAE04EC0-301F-11D3-BF4B-00C04F79EFBC}") = "CarreraAviones", "CarreraAviones\CarreraAviones.csproj", "{5DD33305-23DA-4225-8DC2-8D0E75B4940B}"
EndProject
Global
	GlobalSection(SolutionConfigurationPlatforms) = preSolution
		Debug|Any CPU = Debug|Any CPU
		Release|Any CPU = Release|Any CPU
	EndGlobalSection
	GlobalSection(ProjectConfigurationPlatforms) = postSolution
		{5DD33305-23DA-4225-8DC2-8D0E75B4940B}.Debug|Any CPU.ActiveCfg = Debug|Any CPU
		{5DD33305-23DA-4225-8DC2-8D0E75B4940B}.Debug|Any CPU.Build.0 = Debug|Any CPU
		{5DD33305-23DA-4225-8DC2-8D0E75B4940B}.Release|Any CPU.ActiveCfg = Release|Any CPU
		{5DD33305-23DA-4225-8DC2-8D0E75B4940B}.Release|Any CPU.Build.0 = Release|Any CPU
	EndGlobalSection
	GlobalSection(SolutionProperties) = preSolution
		HideSolutionNode = FALSE
	EndGlobalSection
	GlobalSection(ExtensibilityGlobals) = postSolution
		SolutionGuid = {03A8D238-12A0-4485-8444-00E11FEC34AB}
	EndGlobalSection
EndGlobal
